<?xml version="1.0" encoding="utf-8"?>
<Project ToolsVersion="4.0" xmlns="http://schemas.microsoft.com/developer/msbuild/2003">
  <ItemGroup>
    <Filter Include="exec_description">
      <UniqueIdentifier>{cad3c0f8-0859-45cc-9683-16e8ad190784}</UniqueIdentifier>
    </Filter>
    <Filter Include="gadget">
      <UniqueIdentifier>{8e5ad0a4-648d-4978-8d25-4cc16ee87b52}</UniqueIdentifier>
    </Filter>
    <Filter Include="unicorn_emulator">
      <UniqueIdentifier>{4FC737F1-C7A5-4376-A066-2A32D752A2FF}</UniqueIdentifier>
      <Extensions>cpp;c;cc;cxx;def;odl;idl;hpj;bat;asm;asmx</Extensions>
    </Filter>
    <Filter Include="rop_mngr">
      <UniqueIdentifier>{191dd618-1b9c-403e-a490-e4a52e263aa8}</UniqueIdentifier>
    </Filter>
    <Filter Include="utils">
      <UniqueIdentifier>{e911c3b1-2684-476e-aa01-5189ff9323e6}</UniqueIdentifier>
    </Filter>
  </ItemGroup>
  <ItemGroup>
    <ClCompile Include="main.cpp" />
    <ClCompile Include="Emulator.cpp">
      <Filter>unicorn_emulator</Filter>
    </ClCompile>
    <ClCompile Include="gadget.cpp">
      <Filter>gadget</Filter>
    </ClCompile>
    <ClCompile Include="instruction.cpp">
      <Filter>gadget</Filter>
    </ClCompile>
    <ClCompile Include="executable_format.cpp">
      <Filter>exec_description</Filter>
    </ClCompile>
    <ClCompile Include="section.cpp">
      <Filter>exec_description</Filter>
    </ClCompile>
    <ClCompile Include="cpu_description.cpp">
      <Filter>exec_description</Filter>
    </ClCompile>
    <ClCompile Include="utils.cpp">
      <Filter>utils</Filter>
    </ClCompile>
    <ClCompile Include="Rop_finder.cpp">
      <Filter>rop_mngr</Filter>
    </ClCompile>
    <ClCompile Include="sequence_builder.cpp">
      <Filter>rop_mngr</Filter>
    </ClCompile>
    <ClCompile Include="analizator.cpp">
      <Filter>gadget</Filter>
    </ClCompile>
  </ItemGroup>
  <ItemGroup>
    <ClInclude Include="Emulator.h">
      <Filter>unicorn_emulator</Filter>
    </ClInclude>
    <ClInclude Include="gadget.hpp">
      <Filter>gadget</Filter>
    </ClInclude>
    <ClInclude Include="instruction.hpp">
      <Filter>gadget</Filter>
    </ClInclude>
    <ClInclude Include="elf.hpp">
      <Filter>exec_description</Filter>
    </ClInclude>
    <ClInclude Include="elf_struct.hpp">
      <Filter>exec_description</Filter>
    </ClInclude>
    <ClInclude Include="executable_format.hpp">
      <Filter>exec_description</Filter>
    </ClInclude>
    <ClInclude Include="pe_struct.hpp">
      <Filter>exec_description</Filter>
    </ClInclude>
    <ClInclude Include="safeint.hpp">
      <Filter>exec_description</Filter>
    </ClInclude>
    <ClInclude Include="section.hpp">
      <Filter>exec_description</Filter>
    </ClInclude>
    <ClInclude Include="cpu_description.h">
      <Filter>exec_description</Filter>
    </ClInclude>
    <ClInclude Include="utils.h">
      <Filter>utils</Filter>
    </ClInclude>
    <ClInclude Include="Rop_finder.h">
      <Filter>rop_mngr</Filter>
    </ClInclude>
    <ClInclude Include="sequence_builder.h">
      <Filter>rop_mngr</Filter>
    </ClInclude>
    <ClInclude Include="analizator.h">
      <Filter>gadget</Filter>
    </ClInclude>
  </ItemGroup>
</Project>